lockfileVersion: '9.0'

settings:
  autoInstallPeers: true
  excludeLinksFromLockfile: false

importers:

  .:
    dependencies:
      '@antv/g6':
        specifier: 5.1.1
        version: 5.1.1
    devDependencies:
      '@types/node':
        specifier: ^24.0.0
        version: 24.13.3
      typescript:
        specifier: ^5.8.3
        version: 5.9.3
      vite:
        specifier: ^7.0.0
        version: 7.3.6(@types/node@24.13.3)

packages:

  '@antv/algorithm@0.1.26':
    resolution: {integrity: sha512-DVhcFSQ8YQnMNW34Mk8BSsfc61iC1sAnmcfYoXTAshYHuU50p/6b7x3QYaGctDNKWGvi1ub7mPcSY0bK+aN0qg==}

  '@antv/component@2.1.11':
    resolution: {integrity: sha512-dTdz8VAd3rpjOaGEZTluz82mtzrP4XCtNlNQyrxY7VNRNcjtvpTLDn57bUL2lRu1T+iklKvgbE2llMriWkq9vQ==}

  '@antv/event-emitter@0.1.3':
    resolution: {integrity: sha512-4ddpsiHN9Pd4UIlWuKVK1C4IiZIdbwQvy9i7DUSI3xNJ89FPUFt8lxDYj8GzzfdllV0NkJTRxnG+FvLk0llidg==}

  '@antv/expr@1.0.2':
    resolution: {integrity: sha512-vrfdmPHkTuiS5voVutKl2l06w1ihBh9A8SFdQPEE+2KMVpkymzGOF1eWpfkbGZ7tiFE15GodVdhhHomD/hdIwg==}

  '@antv/g-canvas@2.2.0':
    resolution: {integrity: sha512-h7zVBBo2aO64DuGKvq9sG+yTU3sCUb9DALCVm7nz8qGPs8hhLuFOkKPEzUDNfNYZGJUGzY8UDtJ3QRGRFcvEQg==}

  '@antv/g-lite@2.7.0':
    resolution: {integrity: sha512-uSzgHYa5bwR5L2Au7/5tsOhFmXKZKLPBH90+Q9bP9teVs5VT4kOAi0isPSpDI8uhdDC2/VrfTWu5K9HhWI6FWw==}

  '@antv/g-math@3.1.0':
    resolution: {integrity: sha512-DtN1Gj/yI0UiK18nSBsZX8RK0LszGwqfb+cBYWgE+ddyTm8dZnW4tPUhV7QXePsS6/A5hHC+JFpAAK7OEGo5ZQ==}

  '@antv/g-plugin-dragndrop@2.1.1':
    resolution: {integrity: sha512-+aesDUJVQDs6UJ2bOBbDlaGAPCfHmU0MbrMTlQlfpwNplWueqtgVAZ3L57oZ2ZGHRWUHiRwZGPjXMBM3O2LELw==}

  '@antv/g6@5.1.1':
    resolution: {integrity: sha512-50bXxMUf4mChyOv4ePVeWZLwotih9VunKfp0a++Wofv/wCyY8fb9+CV2wouIBCOZnd5ydBRA4NNaX9yLJzqa2w==}

  '@antv/g@6.3.1':
    resolution: {integrity: sha512-WYEKqy86LHB2PzTmrZXrIsIe+3Epeds2f68zceQ+BJtRoGki7Sy4IhlC8LrUMztgfT1t3d/0L745NWZwITroKA==}

  '@antv/graphlib@2.0.4':
    resolution: {integrity: sha512-zc/5oQlsdk42Z0ib1mGklwzhJ5vczLFiPa1v7DgJkTbgJ2YxRh9xdarf86zI49sKVJmgbweRpJs7Nu5bIiwv4w==}

  '@antv/hierarchy@0.7.1':
    resolution: {integrity: sha512-7r22r+HxfcRZp79ZjGmsn97zgC1Iajrv0Mm9DIgx3lPfk+Kme2MG/+EKdZj1iEBsN0rJRzjWVPGL5YrBdVHchw==}

  '@antv/layout@2.0.0':
    resolution: {integrity: sha512-aCZ3UdNc40SfT7meFV7QTADY2HCnc0DShVw56CJNTI6oExUIVU736grPuL5Dhb8/JrVaU4Y83QPN/P7KafBzlw==}

  '@antv/scale@0.4.16':
    resolution: {integrity: sha512-5wg/zB5kXHxpTV5OYwJD3ja6R8yTiqIOkjOhmpEJiowkzRlbEC/BOyMvNUq5fqFIHnMCE9woO7+c3zxEQCKPjw==}

  '@antv/util@2.0.17':
    resolution: {integrity: sha512-o6I9hi5CIUvLGDhth0RxNSFDRwXeywmt6ExR4+RmVAzIi48ps6HUy+svxOCayvrPBN37uE6TAc2KDofRo0nK9Q==}

  '@antv/util@3.3.11':
    resolution: {integrity: sha512-FII08DFM4ABh2q5rPYdr0hMtKXRgeZazvXaFYCs7J7uTcWDHUhczab2qOCJLNDugoj8jFag1djb7wS9ehaRYBg==}

  '@antv/vendor@1.0.11':
    resolution: {integrity: sha512-LmhPEQ+aapk3barntaiIxJ5VHno/Tyab2JnfdcPzp5xONh/8VSfed4bo/9xKo5HcUAEydko38vYLfj6lJliLiw==}

  '@babel/runtime@7.29.7':
    resolution: {integrity: sha512-Nq8OhGWiZIZGV6hLHoyAKLLcJihP/xFeBMGJoUrxTX2psI8dCifzLhZISFb+VWS3wFMRDmCGw5R+dOySCqPLhw==}
    engines: {node: '>=6.9.0'}

  '@esbuild/aix-ppc64@0.28.2':
    resolution: {integrity: sha512-XExcO+dvLKvVtNTibSTBej1NCAbaGhWn9Ww1ZPx80qsahhPFe/8jgWP0IchNe0F3HwkU7n8ejhH8bjonqht8mQ==}
    engines: {node: '>=18'}
    cpu: [ppc64]
    os: [aix]

  '@esbuild/android-arm64@0.28.2':
    resolution: {integrity: sha512-5YfKeeI8qWfBZIX+u2xZC3Zlb3Os/gLS2sbEKM+I4ZOcsWmHS2WLysCcQZDAFRslDUU5Oiq44gf6PYN1vGwG5A==}
    engines: {node: '>=18'}
    cpu: [arm64]
    os: [android]

  '@esbuild/android-arm@0.28.2':
    resolution: {integrity: sha512-kXXoiPVVGQcnIYGOeaovwOURpniDBpSq4A03qkQ+BMQqtGG6HYap3xne9C1O1yo4TR3qxlCX5IqqmX6fFo2Lqg==}
    engines: {node: '>=18'}
    cpu: [arm]
    os: [android]

  '@esbuild/android-x64@0.28.2':
    resolution: {integrity: sha512-O387ite7SzUyCcy3JQX4P4bLtEA7bLLkx+esve5JHnyYfNTxcVpXZo9jhdB0lTKN44gztELTdU7nS8Nr16Fs1Q==}
    engines: {node: '>=18'}
    cpu: [x64]
    os: [android]

  '@esbuild/darwin-arm64@0.28.2':
    resolution: {integrity: sha512-n4KqkOQrraxHJcgjM1RvwbigfQKIKJVpM7xp+KsxiyUSrRdIXnt73VhrPAx0fV44hgfmIVKjxMN9J1t5jySVkw==}
    engines: {node: '>=18'}
    cpu: [arm64]
    os: [darwin]

  '@esbuild/darwin-x64@0.28.2':
    resolution: {integrity: sha512-uq6suIWYP37qzGddBKPw5QEQPi6HiLGsO7UmkpfyaYNQ3D+rN6w6WfwH+nuqcGXWvawGwxOEroO4YGnFh95azw==}
    engines: {node: '>=18'}
    cpu: [x64]
    os: [darwin]

  '@esbuild/freebsd-arm64@0.28.2':
    resolution: {integrity: sha512-n+I0BTSRIoy+d6RPKnEVwql5UwBJolytvY4mAOIEJorKlqgPII8ix6slVVrfZ5Tnj7glIZvloylbB/EJPMWEXw==}
    engines: {node: '>=18'}
    cpu: [arm64]
    os: [freebsd]

  '@esbuild/freebsd-x64@0.28.2':
    resolution: {integrity: sha512-78XJTJkvPs0kz2w61301PJjXl4g7q3JqiYMZ/M/yVI73EHBrCRTgkhu9oqG7vPqq+a/yadEW8aD+agKlk5xrmg==}
    engines: {node: '>=18'}
    cpu: [x64]
    os: [freebsd]

  '@esbuild/linux-arm64@0.28.2':
    resolution: {integrity: sha512-pW4AC0P3it8c7do9MVM4p51FzHzdM/TZrerurgRcHJ2WTa1VQ1CIq18xncfpBJw4ojkiZZrKW2yIBWBP92j6Ug==}
    engines: {node: '>=18'}
    cpu: [arm64]
    os: [linux]

  '@esbuild/linux-arm@0.28.2':
    resolution: {integrity: sha512-XlDnu2q5yoqems+xay6wSAcg9DDD7K9RLKZEBOMZm3ckNpJBvOX20tSfby8KfrrhINDyv9V2YVZKY/SpoGJI8w==}
    engines: {node: '>=18'}
    cpu: [arm]
    os: [linux]

  '@esbuild/linux-ia32@0.28.2':
    resolution: {integrity: sha512-CYbnj78HsIeA+DhgUKgFCfvNsTHFhMMrinUrMZpDXJXKN8T3XViTZ/+wtHeVxEWY8ewSzTFN+nRmSwO2tZaLUQ==}
    engines: {node: '>=18'}
    cpu: [ia32]
    os: [linux]

  '@esbuild/linux-loong64@0.28.2':
    resolution: {integrity: sha512-buwkd8nsph4R+ajRvw0qM5Hja/TXQow3ptzWO2EbG/cqcIkHloRrdlBtQlshyYGTNFvfkfJ5tpPLVkY4DtsPfQ==}
    engines: {node: '>=18'}
    cpu: [loong64]
    os: [linux]

  '@esbuild/linux-mips64el@0.28.2':
    resolution: {integrity: sha512-ZVykbDyk7519VwiNb9Lcj9m8XM6v5V9uKPvrEMkkEedVewf+0itkhahp4HDpgERXhwLRpWFypsGbG/J8s0QjJA==}
    engines: {node: '>=18'}
    cpu: [mips64el]
    os: [linux]

  '@esbuild/linux-ppc64@0.28.2':
    resolution: {integrity: sha512-CAXl+Dtd9UUuJd8pKKdwh6MLm3MUMiqMPmhZ3tTSXPqfyQ3vDl6R5hZdZ/kYojK4ofXtdfSv1tFq8XzWx3heNQ==}
    engines: {node: '>=18'}
    cpu: [ppc64]
    os: [linux]

  '@esbuild/linux-riscv64@0.28.2':
    resolution: {integrity: sha512-GeXCej4IQtU1B+QlDV8W/RRvbzI3O/Stss+/bCXv4lZls5WGRtu2a+3JkA3i4qIUlMXpcHebWpF8AkJhATowuA==}
    engines: {node: '>=18'}
    cpu: [riscv64]
    os: [linux]

  '@esbuild/linux-s390x@0.28.2':
    resolution: {integrity: sha512-3H1weTYZPxt/WOhByszQZybS9w5lKzUn1FDMsgEChbHWQwHYQQRfBxgCcZvPhjHfKyJjIievvMmEUawJrdY9Dg==}
    engines: {node: '>=18'}
    cpu: [s390x]
    os: [linux]

  '@esbuild/linux-x64@0.28.2':
    resolution: {integrity: sha512-4xTZr1FUmSoQW4XIWmit3tzQrUTZM+N3P0XV8xROKYF50XfI7xeO90+1bZvNwxIufQ9hDQVRJH5YhgPVF8A/HQ==}
    engines: {node: '>=18'}
    cpu: [x64]
    os: [linux]

  '@esbuild/netbsd-arm64@0.28.2':
    resolution: {integrity: sha512-sSATRjPeDBg3pdgHoQfoYBob11Kk1FGa9lui5RIHZCoCkJa9QKlvl3/vKz2usCmYYjs7ymJR/2Nnsqe+Hjt5nw==}
    engines: {node: '>=18'}
    cpu: [arm64]
    os: [netbsd]

  '@esbuild/netbsd-x64@0.28.2':
    resolution: {integrity: sha512-lqnzCV+mM0gIADaKihiCg6ifgfU2L3h5E33rNQBN1Y4MaVGnzryzmvvf7UHxprpQdE8hpqLolJ9Rl+SkIRDpyw==}
    engines: {node: '>=18'}
    cpu: [x64]
    os: [netbsd]

  '@esbuild/openbsd-arm64@0.28.2':
    resolution: {integrity: sha512-AL2qJILH7lNjrDmCQDvdxMfAUIv8KMNZOvrwAQ8i8//ntL9FflhOyMJ8OZSMBb8/AWXe3/5v5S20y3zCoZWKoQ==}
    engines: {node: '>=18'}
    cpu: [arm64]
    os: [openbsd]

  '@esbuild/openbsd-x64@0.28.2':
    resolution: {integrity: sha512-QtiuPytchRyC4rwUKhexJdQKvDuZ6hWloi3igqPQNUJCS1/v9EiO3UTOXR6A3FoMo4fnAKbWJdqaIwhOzh8qEw==}
    engines: {node: '>=18'}
    cpu: [x64]
    os: [openbsd]

  '@esbuild/openharmony-arm64@0.28.2':
    resolution: {integrity: sha512-WkhYDmpTjLvGlScA1rwjRUmhl4k8oXR3cIbtqWmELgU/dFeHHlEllxDvdWcNJV9rbzCexB5vz8gtNewWLgCT7Q==}
    engines: {node: '>=18'}
    cpu: [arm64]
    os: [openharmony]

  '@esbuild/sunos-x64@0.28.2':
    resolution: {integrity: sha512-GPMSkTOtMnv2U2F8gxe4Io6qmVs+YKyp832Etqqxr0hFngmXQ3rzwytelm3GIn7T4VviRUlf3sOgBOiTdvaf7g==}
    engines: {node: '>=18'}
    cpu: [x64]
    os: [sunos]

  '@esbuild/win32-arm64@0.28.2':
    resolution: {integrity: sha512-PIhhEkE9uPBleRBrQEJpUn7MBnibZzbGzYWPmY3x+YoVg/95zbjB4CxPPOQ8l5tYYM4mMaCthF8/1DIfBQQyWQ==}
    engines: {node: '>=18'}
    cpu: [arm64]
    os: [win32]

  '@esbuild/win32-ia32@0.28.2':
    resolution: {integrity: sha512-YmJbfTlvU7Sdn9BB+4PRES4oB6pxgS37MAONj+hBr/cpXS1aBPKXxNnDbu+QCWPj0o9dgyxeq79g6c5P8KeuYA==}
    engines: {node: '>=18'}
    cpu: [ia32]
    os: [win32]

  '@esbuild/win32-x64@0.28.2':
    resolution: {integrity: sha512-5ebpxr3nWMzrL/rnUI755Jkuee0bHL/Gq0WTF9lvcpv73wAp5eu8MfBUgWK9bhWvZjj7yX8etf/8tI8Ney695g==}
    engines: {node: '>=18'}
    cpu: [x64]
    os: [win32]

  '@napi-rs/lzma-linux-x64-gnu@1.5.1':
    resolution: {integrity: sha512-oTXEIha4SsuXdTA4Iyskj0kpdx2yVXdhd75c2v3xGrHFfVMsbhTPZU/nMPL4sWKo4pBHm3aucLaqGlF696dTyQ==}
    engines: {node: ^22.20 || ^24.12 || >=25}
    cpu: [x64]
    os: [linux]
    libc: [glibc]

  '@rollup/rollup-android-arm-eabi@4.63.1':
    resolution: {integrity: sha512-UZ8sUxPTiHWYX9QNdJedb1kDZSpS1t/VPWBWGSgqHNi9w3Cu6IXvu2mzbhiTiPvtrqgTQJ+zqiAq2iPIPilpaQ==}
    cpu: [arm]
    os: [android]

  '@rollup/rollup-android-arm64@4.63.1':
    resolution: {integrity: sha512-cQ4nFQABN5cDvDpbvJ7bMStCpnaVxynZrRMfUJYgxcIk9Sh54FIO1vtfkg0B69REjER77ioZ/ov+eAApx/KmLQ==}
    cpu: [arm64]
    os: [android]

  '@rollup/rollup-darwin-arm64@4.63.1':
    resolution: {integrity: sha512-FQNqd1lRy/0QhDk3xeRIkSBiCpXCiDnZO3YLVdcDKN1UBiKToNftCzcXYNLshmPDUMlu2TdeS8tGcsU6f3YF1Q==}
    cpu: [arm64]
    os: [darwin]

  '@rollup/rollup-darwin-x64@4.63.1':
    resolution: {integrity: sha512-pvD16V939D3CloK0+qikpGaxiPrDUXTe7Y5cWOMkMSy7m1cawa8EGy/kXYi/G/cKAC4HDAbSnzCIk1WmsoOKXg==}
    cpu: [x64]
    os: [darwin]

  '@rollup/rollup-freebsd-arm64@4.63.1':
    resolution: {integrity: sha512-pcFGeL2345VwdTnJhA6zLbew+YgWB0qBG2+dMtXjCicf6+rm6kO6cOoh5VnTe0ZMrMRgRyuHmCJxZWrIdzYuOw==}
    cpu: [arm64]
    os: [freebsd]

  '@rollup/rollup-freebsd-x64@4.63.1':
    resolution: {integrity: sha512-mRJlqSRulVzcKq/LKA6ICSIc3K/l4fzlVn/gePn2nXIHy8seRi5z/eeRE0d/XMBxcMldiXtQTSpRj0tkkC3g8Q==}
    cpu: [x64]
    os: [freebsd]

  '@rollup/rollup-linux-arm-gnueabihf@4.63.1':
    resolution: {integrity: sha512-YDUNvVM85TI3g/1OpnqKP1h4NeW/j64DfWMf+G3M809xNk1bJSnpFp4sh83NpmVE5DXnkh8ULor4LTVZKoYLHw==}
    cpu: [arm]
    os: [linux]
    libc: [glibc]

  '@rollup/rollup-linux-arm-musleabihf@4.63.1':
    resolution: {integrity: sha512-7Mcn71p9ZuQFAj+h+dhQXy/yeLePRS2yKRnmW1DijA9thKO5qap0GNOIQK4yQ6iP3SU0Mrb/yWo8h8vgRba8lw==}
    cpu: [arm]
    os: [linux]
    libc: [musl]

  '@rollup/rollup-linux-arm64-gnu@4.63.1':
    resolution: {integrity: sha512-4YiLQTX6U4CSl0L9cluep9A9W6UmTfqBDc2/CH6wlu54pl4E7Jn3cOD8oxzvBDEGk/JMKgJ47C8g+radF7mwvg==}
    cpu: [arm64]
    os: [linux]
    libc: [glibc]

  '@rollup/rollup-linux-arm64-musl@4.63.1':
    resolution: {integrity: sha512-2ra8F7w8OquwZN9z2/fKFnli69wa8PLwaVzRMIPGb13ByMJwC28Fbp8YcVGoUhlYMTt7j5j9bNgpysrN2UM+vw==}
    cpu: [arm64]
    os: [linux]
    libc: [musl]

  '@rollup/rollup-linux-loong64-gnu@4.63.1':
    resolution: {integrity: sha512-Sy20ncyhjmBP0Ml+UvQbimjlk6VFgjW5uNP+qqwHB00mTE8Bl2C1TuHTlRwK2YoXeZbee5lP2XevBWVkAQAtSQ==}
    cpu: [loong64]
    os: [linux]
    libc: [glibc]

  '@rollup/rollup-linux-loong64-musl@4.63.1':
    resolution: {integrity: sha512-noITLp8oNjYliPnGWmLyelIHwULGqbHloQHGw1rtxbWhTuWooRpnZarZQJ1y9EUC4szuCusCc+HEpUtxpIwYvA==}
    cpu: [loong64]
    os: [linux]
    libc: [musl]

  '@rollup/rollup-linux-ppc64-gnu@4.63.1':
    resolution: {integrity: sha512-hlxxXd+F1mWiAcaFR7Sv9ZQT6m6UfI8+Vy/kFJzztq2pDMU/0wZ9sish0iszNZvsQDo8Gc0i5yuFEOz5dDf6fA==}
    cpu: [ppc64]
    os: [linux]
    libc: [glibc]

  '@rollup/rollup-linux-ppc64-musl@4.63.1':
    resolution: {integrity: sha512-EF7OpqQTQ/BvGqLzUi4rEHuagCV9MugAUXSHemwPW5vxZ75RR+jxO/2j95Ph2dalMpFHSVECjRoioHZgA9zOYA==}
    cpu: [ppc64]
    os: [linux]
    libc: [musl]

  '@rollup/rollup-linux-riscv64-gnu@4.63.1':
    resolution: {integrity: sha512-wQO3JesW9PRkwlabQ27y7sPfVOOTLRG73I4F2UYHG5PXun3J9U3y+b7ezVKSYbsvSKGQ1k1cq8Qlun4C9kLt3w==}
    cpu: [riscv64]
    os: [linux]
    libc: [glibc]

  '@rollup/rollup-linux-riscv64-musl@4.63.1':
    resolution: {integrity: sha512-ouAGwhO6wHRXdnOVCOsB0tRFkA7nhNB2Nwax6oECXN0YiN8EYUTBAOudADOB1PI+yDL61TeNx/u7MVCzksNbkQ==}
    cpu: [riscv64]
    os: [linux]
    libc: [musl]

  '@rollup/rollup-linux-s390x-gnu@4.63.1':
    resolution: {integrity: sha512-q2R38Sn+1J8RxhfJ+T54wSWmyKXWec+9jgDfqO2AtArEqHO5R2aeayp5H5OYLr5UYDVGsVaZPEFUooMhYCdz5A==}
    cpu: [s390x]
    os: [linux]
    libc: [glibc]

  '@rollup/rollup-linux-x64-gnu@4.63.1':
    resolution: {integrity: sha512-gfI5T24WLLuFfSKw7Go/zDXjAAV0fny0swTaDv+WjK7vqcw4cRhFfdsyKL1n+ukI+ooBxn3bVQnyrn06WpI50w==}
    cpu: [x64]
    os: [linux]
    libc: [glibc]

  '@rollup/rollup-linux-x64-musl@4.63.1':
    resolution: {integrity: sha512-4h6XqthmB4Hspji84wvgk+ElodTsGj+dbZqHJHHtKxj4mYq0ANSEEPX9ys3moJueqsRjwpaJYH7874Itwnj2ow==}
    cpu: [x64]
    os: [linux]
    libc: [musl]

  '@rollup/rollup-openbsd-x64@4.63.1':
    resolution: {integrity: sha512-dlfCOa87o1VAYegLQ9EKilx2JCeRofiyPGhTCmqnuXZ6bMPiycO1rq1+sKoulAp7pGLIsTIw+1x5R+zgh5LhhA==}
    cpu: [x64]
    os: [openbsd]

  '@rollup/rollup-openharmony-arm64@4.63.1':
    resolution: {integrity: sha512-cjkLbOlfcm3QGhMM1J5zaZjsw1GggbN6rw9UTSSRrPrR1KkcXnN7Uq9rPw34xImQ9VOY9GN+6u2Zj80B9ptkcw==}
    cpu: [arm64]
    os: [openharmony]

  '@rollup/rollup-win32-arm64-msvc@4.63.1':
    resolution: {integrity: sha512-Li1KdUnWGE4N3e1F/B4RTB1ms+nG4WBgjByO46pkeBVX/2UBsY53xf5vK9WygVmnH3RwncIST7lkSdLSY6P9lg==}
    cpu: [arm64]
    os: [win32]

  '@rollup/rollup-win32-ia32-msvc@4.63.1':
    resolution: {integrity: sha512-t4ZYOSoLTgwhuFMrmTMLx/+i1DQVK7HYqMc6kY46EApwi8X0nIVphzdNoThU3xt6n+N5urG1/gxBdCaKDLavfg==}
    cpu: [ia32]
    os: [win32]

  '@rollup/rollup-win32-x64-gnu@4.63.1':
    resolution: {integrity: sha512-RgroPfMmKlD1RzSDxvwgcPiy2HNQKoYV7OmwIXDsk73uKW5t6B/V8KIy27SMv/FNXFo/oSBtWc9J0X7t91ezZg==}
    cpu: [x64]
    os: [win32]

  '@rollup/rollup-win32-x64-msvc@4.63.1':
    resolution: {integrity: sha512-at8QVep6S3h5Y6gSbdGU06bRY5WJkf6WUduM9YtvYMbYhB1MOFfUgc6kehitQXzOtMSaT70q7f9ydPhpqu821w==}
    cpu: [x64]
    os: [win32]

  '@types/d3-array@3.2.2':
    resolution: {integrity: sha512-hOLWVbm7uRza0BYXpIIW5pxfrKe0W+D5lrFiAEYR+pb6w3N2SwSMaJbXdUfSEv+dT4MfHBLtn5js0LAWaO6otw==}

  '@types/d3-color@3.1.3':
    resolution: {integrity: sha512-iO90scth9WAbmgv7ogoq57O9YpKmFBbmoEoCHDB2xMBY0+/KVrqAaCDyCE16dUspeOvIxFFRI+0sEtqDqy2b4A==}

  '@types/d3-dispatch@3.0.7':
    resolution: {integrity: sha512-5o9OIAdKkhN1QItV2oqaE5KMIiXAvDWBDPrD85e58Qlz1c1kI/J0NcqbEG88CoTwJrYe7ntUCVfeUl2UJKbWgA==}

  '@types/d3-dsv@3.0.7':
    resolution: {integrity: sha512-n6QBF9/+XASqcKK6waudgL0pf/S5XHPPI8APyMLLUHd8NqouBGLsU8MgtO7NINGtPBtk9Kko/W4ea0oAspwh9g==}

  '@types/d3-ease@3.0.2':
    resolution: {integrity: sha512-NcV1JjO5oDzoK26oMzbILE6HW7uVXOHLQvHshBUW4UMdZGfiY6v5BeQwh9a9tCzv+CeefZQHJt5SRgK154RtiA==}

  '@types/d3-fetch@3.0.7':
    resolution: {integrity: sha512-fTAfNmxSb9SOWNB9IoG5c8Hg6R+AzUHDRlsXsDZsNp6sxAEOP0tkP3gKkNSO/qmHPoBFTxNrjDprVHDQDvo5aA==}

  '@types/d3-force@3.0.10':
    resolution: {integrity: sha512-ZYeSaCF3p73RdOKcjj+swRlZfnYpK1EbaDiYICEEp5Q6sUiqFaFQ9qgoshp5CzIyyb/yD09kD9o2zEltCexlgw==}

  '@types/d3-format@3.0.4':
    resolution: {integrity: sha512-fALi2aI6shfg7vM5KiR1wNJnZ7r6UuggVqtDA+xiEdPZQwy/trcQaHnwShLuLdta2rTymCNpxYTiMZX/e09F4g==}

  '@types/d3-geo@3.1.1':
    resolution: {integrity: sha512-65Emv9fQiQQqphLlRkuQ5ypPsOmWPhtBGCMv61JDPEPMvsx+gzhGf74yw1a78xFKPj6zw4AgQICJoQv0vK9M2w==}

  '@types/d3-hierarchy@3.1.7':
    resolution: {integrity: sha512-tJFtNoYBtRtkNysX1Xq4sxtjK8YgoWUNpIiUee0/jHGRwqvzYxkq0hGVbbOGSz+JgFxxRu4K8nb3YpG3CMARtg==}

  '@types/d3-interpolate@3.0.4':
    resolution: {integrity: sha512-mgLPETlrpVV1YRJIglr4Ez47g7Yxjl1lj7YKsiMCb27VJH9W8NVM6Bb9d8kkpG/uAQS5AmbA48q2IAolKKo1MA==}

  '@types/d3-path@3.1.1':
    resolution: {integrity: sha512-VMZBYyQvbGmWyWVea0EHs/BwLgxc+MKi1zLDCONksozI4YJMcTt8ZEuIR4Sb1MMTE8MMW49v0IwI5+b7RmfWlg==}

  '@types/d3-quadtree@3.0.6':
    resolution: {integrity: sha512-oUzyO1/Zm6rsxKRHA1vH0NEDG58HrT5icx/azi9MF1TWdtttWl0UIUsjEQBBh+SIkrpd21ZjEv7ptxWys1ncsg==}

  '@types/d3-random@3.0.4':
    resolution: {integrity: sha512-UHYId5WTCx4L4YNel7NU00XUXXgvgpgZOvp10PuvsQENjMDXhh2RyFc0KBjO7B45ne4Ha1yVH7ii0vnzKkuzWA==}

  '@types/d3-scale-chromatic@3.1.0':
    resolution: {integrity: sha512-iWMJgwkK7yTRmWqRB5plb1kadXyQ5Sj8V/zYlFGMUBbIPKQScw+Dku9cAAMgJG+z5GYDoMjWGLVOvjghDEFnKQ==}

  '@types/d3-scale@4.0.9':
    resolution: {integrity: sha512-dLmtwB8zkAeO/juAMfnV+sItKjlsw2lKdZVVy6LRr0cBmegxSABiLEpGVmSJJ8O08i4+sGR6qQtb6WtuwJdvVw==}

  '@types/d3-shape@3.2.0':
    resolution: {integrity: sha512-kVd74ta9eof3eJOvbNd1vGKS/XERRyQbT26Og63hIsvDO84cjD5gEOhsXf26w3FSoNlPVz84DOFcKv/oou+fMw==}

  '@types/d3-time@3.0.4':
    resolution: {integrity: sha512-yuzZug1nkAAaBlBBikKZTgzCeA+k1uy4ZFwWANOfKw5z5LRhV0gNA7gNkKm7HoK+HRN0wX3EkxGk0fpbWhmB7g==}

  '@types/d3-timer@3.0.2':
    resolution: {integrity: sha512-Ps3T8E8dZDam6fUyNiMkekK3XUsaUEik+idO9/YjPtfj2qruF8tFBXS7XhtE4iIXBLxhmLjP3SXpLhVf21I9Lw==}

  '@types/estree@1.0.9':
    resolution: {integrity: sha512-GhdPgy1el4/ImP05X05Uw4cw2/M93BCUmnEvWZNStlCzEKME4Fkk+YpoA5OiHNQmoS7Cafb8Xa3Pya8m1Qrzeg==}

  '@types/geojson@7946.0.16':
    resolution: {integrity: sha512-6C8nqWur3j98U6+lXDfTUWIfgvZU+EumvpHKcYjujKH7woYyLj2sUmff0tRhrqM7BohUw7Pz3ZB1jj2gW9Fvmg==}

  '@types/node@24.13.3':
    resolution: {integrity: sha512-Dh8vAsV36ig5wa9OX4pXvMc9D3Veibfw2wix0CUwYODLD8nkj9UsLjASr49nPg+2eKzxhBV+v7L8pXvT4e639Q==}

  base64-arraybuffer@1.0.2:
    resolution: {integrity: sha512-I3yl4r9QB5ZRY3XuJVEPfc2XhZO6YweFPI+UovAzn+8/hb3oJ6lnysaFcjVpkCPfVWFUDvoZ8kmVDP7WyRtYtQ==}
    engines: {node: '>= 0.6.0'}

  bubblesets-js@2.3.4:
    resolution: {integrity: sha512-DyMjHmpkS2+xcFNtyN00apJYL3ESdp9fTrkDr5+9Qg/GPqFmcWgGsK1akZnttE1XFxJ/VMy4DNNGMGYtmFp1Sg==}

  color-name@1.1.4:
    resolution: {integrity: sha512-dOy+3AuW3a2wNbZHIuMZpTcgjGuLU/uBL/ubcZF9OXbDo8ff4O8yVp5Bf0efS8uEoYo5q4Fx7dY9OgQGXgAsQA==}

  color-string@1.9.1:
    resolution: {integrity: sha512-shrVawQFojnZv6xM40anx4CkoDP+fZsw/ZerEMsW/pyzsRbElpsL/DBVW7q3ExxwusdNXI3lXpuhEZkzs8p5Eg==}

  comlink@4.4.2:
    resolution: {integrity: sha512-OxGdvBmJuNKSCMO4NTl1L47VRp6xn2wG4F/2hYzB6tiCb709otOxtEYCSvK80PtjODfXXZu8ds+Nw5kVCjqd2g==}

  commander@7.2.0:
    resolution: {integrity: sha512-QrWXB+ZQSVPmIWIhtEO9H+gwHaMGYiF5ChvoJ+K9ZGHG/sVsa6yiesAD1GC/x46sET00Xlwo1u49RVVVzvcSkw==}
    engines: {node: '>= 10'}

  css-line-break@2.1.0:
    resolution: {integrity: sha512-FHcKFCZcAha3LwfVBhCQbW2nCNbkZXn7KVUJcsT5/P8YmfsVja0FMPJr0B903j/E69HUphKiV9iQArX8SDYA4w==}

  csstype@3.2.3:
    resolution: {integrity: sha512-z1HGKcYy2xA8AGQfwrn0PAy+PB7X/GSj3UVJW9qKyn43xWa+gl5nXmU4qqLMRzWVLFC8KusUX8T/0kCiOYpAIQ==}

  d3-array@3.2.4:
    resolution: {integrity: sha512-tdQAmyA18i4J7wprpYq8ClcxZy3SC31QMeByyCFyRt7BVHdREQZ5lpzoe5mFEYZUWe+oq8HBvk9JjpibyEV4Jg==}
    engines: {node: '>=12'}

  d3-binarytree@1.0.2:
    resolution: {integrity: sha512-cElUNH+sHu95L04m92pG73t2MEJXKu+GeKUN1TJkFsu93E5W8E9Sc3kHEGJKgenGvj19m6upSn2EunvMgMD2Yw==}

  d3-color@3.1.0:
    resolution: {integrity: sha512-zg/chbXyeBtMQ1LbD/WSoW2DpC3I0mpmPdW+ynRTj/x2DAWYrIY7qeZIHidozwV24m4iavr15lNwIwLxRmOxhA==}
    engines: {node: '>=12'}

  d3-dispatch@3.0.1:
    resolution: {integrity: sha512-rzUyPU/S7rwUflMyLc1ETDeBj0NRuHKKAcvukozwhshr6g6c5d8zh4c2gQjY2bZ0dXeGLWc1PF174P2tVvKhfg==}
    engines: {node: '>=12'}

  d3-dsv@3.0.1:
    resolution: {integrity: sha512-UG6OvdI5afDIFP9w4G0mNq50dSOsXHJaRE8arAS5o9ApWnIElp8GZw1Dun8vP8OyHOZ/QJUKUJwxiiCCnUwm+Q==}
    engines: {node: '>=12'}
    hasBin: true

  d3-ease@3.0.1:
    resolution: {integrity: sha512-wR/XK3D3XcLIZwpbvQwQ5fK+8Ykds1ip7A2Txe0yxncXSdq1L9skcG7blcedkOX+ZcgxGAmLX1FrRGbADwzi0w==}
    engines: {node: '>=12'}

  d3-fetch@3.0.1:
    resolution: {integrity: sha512-kpkQIM20n3oLVBKGg6oHrUchHM3xODkTzjMoj7aWQFq5QEM+R6E4WkzT5+tojDY7yjez8KgCBRoj4aEr99Fdqw==}
    engines: {node: '>=12'}

  d3-force-3d@3.0.6:
    resolution: {integrity: sha512-4tsKHUPLOVkyfEffZo1v6sFHvGFwAIIjt/W8IThbp08DYAsXZck+2pSHEG5W1+gQgEvFLdZkYvmJAbRM2EzMnA==}
    engines: {node: '>=12'}

  d3-force@3.0.0:
    resolution: {integrity: sha512-zxV/SsA+U4yte8051P4ECydjD/S+qeYtnaIyAs9tgHCqfguma/aAQDjo85A9Z6EKhBirHRJHXIgJUlffT4wdLg==}
    engines: {node: '>=12'}

  d3-format@3.1.2:
    resolution: {integrity: sha512-AJDdYOdnyRDV5b6ArilzCPPwc1ejkHcoyFarqlPqT7zRYjhavcT3uSrqcMvsgh2CgoPbK3RCwyHaVyxYcP2Arg==}
    engines: {node: '>=12'}

  d3-geo-projection@4.0.0:
    resolution: {integrity: sha512-p0bK60CEzph1iqmnxut7d/1kyTmm3UWtPlwdkM31AU+LW+BXazd5zJdoCn7VFxNCHXRngPHRnsNn5uGjLRGndg==}
    engines: {node: '>=12'}
    hasBin: true

  d3-geo@3.1.1:
    resolution: {integrity: sha512-637ln3gXKXOwhalDzinUgY83KzNWZRKbYubaG+fGVuc/dxO64RRljtCTnf5ecMyE1RIdtqpkVcq0IbtU2S8j2Q==}
    engines: {node: '>=12'}

  d3-hierarchy@3.1.2:
    resolution: {integrity: sha512-FX/9frcub54beBdugHjDCdikxThEqjnR93Qt7PvQTOHxyiNCAlvMrHhclk3cD5VeAaq9fxmfRp+CnWw9rEMBuA==}
    engines: {node: '>=12'}

  d3-interpolate@3.0.1:
    resolution: {integrity: sha512-3bYs1rOD33uo8aqJfKP3JWPAibgw8Zm2+L9vBKEHJ2Rg+viTR7o5Mmv5mZcieN+FRYaAOWX5SJATX6k1PWz72g==}
    engines: {node: '>=12'}

  d3-octree@1.1.0:
    resolution: {integrity: sha512-F8gPlqpP+HwRPMO/8uOu5wjH110+6q4cgJvgJT6vlpy3BEaDIKlTZrgHKZSp/i1InRpVfh4puY/kvL6MxK930A==}

  d3-path@3.1.0:
    resolution: {integrity: sha512-p3KP5HCf/bvjBSSKuXid6Zqijx7wIfNW+J/maPs+iwR35at5JCbLUT0LzF1cnjbCHWhqzQTIN2Jpe8pRebIEFQ==}
    engines: {node: '>=12'}

  d3-quadtree@3.0.1:
    resolution: {integrity: sha512-04xDrxQTDTCFwP5H6hRhsRcb9xxv2RzkcsygFzmkSIOJy3PeRJP7sNk3VRIbKXcog561P9oU0/rVH6vDROAgUw==}
    engines: {node: '>=12'}

  d3-random@3.0.1:
    resolution: {integrity: sha512-FXMe9GfxTxqd5D6jFsQ+DJ8BJS4E/fT5mqqdjovykEB2oFbTMDVdg1MGFxfQW+FBOGoB++k8swBrgwSHT1cUXQ==}
    engines: {node: '>=12'}

  d3-regression@1.3.10:
    resolution: {integrity: sha512-PF8GWEL70cHHWpx2jUQXc68r1pyPHIA+St16muk/XRokETzlegj5LriNKg7o4LR0TySug4nHYPJNNRz/W+/Niw==}

  d3-scale-chromatic@3.1.0:
    resolution: {integrity: sha512-A3s5PWiZ9YCXFye1o246KoscMWqf8BsD9eRiJ3He7C9OBaxKhAd5TFCdEx/7VbKtxxTsu//1mMJFrEt572cEyQ==}
    engines: {node: '>=12'}

  d3-scale@4.0.2:
    resolution: {integrity: sha512-GZW464g1SH7ag3Y7hXjf8RoUuAFIqklOAq3MRl4OaWabTFJY9PN/E1YklhXLh+OQ3fM9yS2nOkCoS+WLZ6kvxQ==}
    engines: {node: '>=12'}

  d3-shape@3.2.0:
    resolution: {integrity: sha512-SaLBuwGm3MOViRq2ABk3eLoxwZELpH6zhl3FbAoJ7Vm1gofKx6El1Ib5z23NUEhF9AsGl7y+dzLe5Cw2AArGTA==}
    engines: {node: '>=12'}

  d3-time-format@4.1.0:
    resolution: {integrity: sha512-dJxPBlzC7NugB2PDLwo9Q8JiTR3M3e4/XANkreKSUxF8vvXKqm1Yfq4Q5dl8budlunRVlUUaDUgFt7eA8D6NLg==}
    engines: {node: '>=12'}

  d3-time@3.1.0:
    resolution: {integrity: sha512-VqKjzBLejbSMT4IgbmVgDjpkYrNWUYJnbCGo874u7MMKIWsILRX+OpX/gTk8MqjpT1A/c6HY2dCA77ZN0lkQ2Q==}
    engines: {node: '>=12'}

  d3-timer@3.0.1:
    resolution: {integrity: sha512-ndfJ/JxxMd3nw31uyKoY2naivF+r29V+Lc0svZxe1JvvIRmi8hUsrMvdOwgS1o6uBHmiz91geQ0ylPP0aj1VUA==}
    engines: {node: '>=12'}

  dagre@0.8.5:
    resolution: {integrity: sha512-/aTqmnRta7x7MCCpExk7HQL2O4owCT2h8NT//9I1OQ9vt29Pa0BzSAkR5lwFUcQ7491yVi/3CXU9jQ5o0Mn2Sw==}

  esbuild@0.28.2:
    resolution: {integrity: sha512-HKVLS8dvII+xoKW9kmqxbRKrnWEXfJJr/FZhhJmiqIB0e053QNYFqOBouTMO/k5sID4MvCiUCvv8b9M4h32wIA==}
    engines: {node: '>=18'}
    hasBin: true

  eventemitter3@5.0.4:
    resolution: {integrity: sha512-mlsTRyGaPBjPedk6Bvw+aqbsXDtoAyAzm5MO7JgU+yVRyMQ5O8bD4Kcci7BS85f93veegeCPkL8R4GLClnjLFw==}

  fast-deep-equal@3.1.3:
    resolution: {integrity: sha512-f3qQ9oQy9j2AhBe/H9VC91wLmKBCCU/gDOnKNAYG5hswO7BLKj09Hc5HYNz9cGI++xlpDCIgDaitVs03ATR84Q==}

  fdir@6.5.0:
    resolution: {integrity: sha512-tIbYtZbucOs0BRGqPJkshJUYdL+SDH7dVM8gjy+ERp3WAUjLEFJE+02kanyHtwjWOnwrKYBiwAmM0p4kLJAnXg==}
    engines: {node: '>=12.0.0'}
    peerDependencies:
      picomatch: ^3 || ^4
    peerDependenciesMeta:
      picomatch:
        optional: true

  fecha@4.2.3:
    resolution: {integrity: sha512-OP2IUU6HeYKJi3i0z4A19kHMQoLVs4Hc+DPqqxI2h/DPZHTm/vjsfC6P0b4jCMy14XizLBqvndQ+UilD7707Jw==}

  fsevents@2.3.3:
    resolution: {integrity: sha512-5xoDfX+fL7faATnagmWPpbFtwh/R77WmMMqqHGS65C3vvB0YHrgF+B1YmZ3441tMj5n63k0212XNoJwzlhffQw==}
    engines: {node: ^8.16.0 || ^10.6.0 || >=11.0.0}
    os: [darwin]

  gl-matrix@3.4.4:
    resolution: {integrity: sha512-latSnyDNt/8zYUB6VIJ6PCh2jBjJX6gnDsoCZ7LyW7GkqrD51EWwa9qCoGixj8YqBtETQK/xY7OmpTF8xz1DdQ==}

  graphlib@2.1.8:
    resolution: {integrity: sha512-jcLLfkpoVGmH7/InMC/1hIvOPSUh38oJtGhvrOFGzioE1DZ+0YW16RgmOJhHiuWTvGiJQ9Z1Ik43JvkRPRvE+A==}

  html2canvas@1.4.1:
    resolution: {integrity: sha512-fPU6BHNpsyIhr8yyMpTLLxAbkaK8ArIBcmZIRiBLiDhjeqvXolaEmDGmELFuX9I4xDcaKKcJl+TKZLqruBbmWA==}
    engines: {node: '>=8.0.0'}

  iconv-lite@0.6.3:
    resolution: {integrity: sha512-4fCk79wshMdzMp2rH06qWrJE4iolqLhCUH+OiuIgU++RB0+94NlDL81atO7GX55uUKueo0txHNtvEyI6D7WdMw==}
    engines: {node: '>=0.10.0'}

  internmap@2.0.3:
    resolution: {integrity: sha512-5Hh7Y1wQbvY5ooGgPbDaL5iYLAPzMTUrjMulskHLH6wnv/A+1q5rgEaiuqEjB+oxGXIVZs1FF+R/KPN3ZSQYYg==}
    engines: {node: '>=12'}

  is-any-array@3.0.0:
    resolution: {integrity: sha512-o4h+tylWykC4BD1vaejp6gDxoM13bwW8FGuNs4yIKpj8xbBJcRxJx8vZpq0dCr7ZDEfeKjmsi/euolKhX6f/ww==}

  is-arrayish@0.3.4:
    resolution: {integrity: sha512-m6UrgzFVUYawGBh1dUsWR5M2Clqic9RVXC/9f8ceNlv2IcO9j9J/z8UoCLPqtsPBFNzEpfR3xftohbfqDx8EQA==}

  lodash@4.18.1:
    resolution: {integrity: sha512-dMInicTPVE8d1e5otfwmmjlxkZoUpiVLwyeTdUsi/Caj/gfzzblBcCE5sRHV/AsjuCmxWrte2TNGSYuCeCq+0Q==}

  ml-array-max@2.0.0:
    resolution: {integrity: sha512-QQZ4kENwpWmyNb98UXRDFXrmtIXuXtt1+bSbda/2KA85+F+rrJP8hZk6QOkCQXM2Th9mUDYdq/PNByPdT9ID4A==}

  ml-array-min@2.0.0:
    resolution: {integrity: sha512-GRj6Ky6sW9vGL6yIjgsHmXZ9YgrdmcQ8nCxPqEGeKc6dkfYg1XDYxGFxADUjNuZyoCd5PUscWAS4N+cFaX6hFg==}

  ml-array-rescale@2.0.0:
    resolution: {integrity: sha512-2GGtKfSno94/kIloWGvpp/U5Q5vLvLrza+SAaGsLeo6Xj4mEbA6Gqx+oTfZFkxnd1grT2X007HfJNs3T5BsiVg==}

  ml-matrix@6.15.0:
    resolution: {integrity: sha512-wFa1v6KP8bKp+fj0nYmRs1Pb5K4zRkXGKsOvLinvILENFIADncm4XlOI+S1M7yuACMGfI6cfk0IifDgd4j5xmw==}

  nanoid@3.3.18:
    resolution: {integrity: sha512-DTg4MJbGMWkfi6VZFdNt2/caMbQy4Ou+Op/hJQvGEWcnVfoA1QA+xzRKAzw9jD6+GVOOeYr/mIcuDSdug6F6+w==}
    engines: {node: ^10 || ^12 || ^13.7 || ^14 || >=15.0.1}
    hasBin: true

  picocolors@1.1.1:
    resolution: {integrity: sha512-xceH2snhtb5M9liqDsmEw56le376mTZkEX/jEb/RxNFyegNul7eNslCXP9FDj/Lcu0X8KEyMceP2ntpaHrDEVA==}

  picomatch@4.0.7:
    resolution: {integrity: sha512-qcJu88Q2IWqJsDD529JKMdwGm/dvInW4HvQnRwiH9JtihJvzGOscDtHE3x1pBKeUOTysQ8kVmLnJ2kJu7yhcGA==}
    engines: {node: '>=12'}

  postcss@8.5.28:
    resolution: {integrity: sha512-RRuzqDtt5Y9h3quz5hWhK+TPnsmVs6WwSU6LkJMeY4HstUEDuYTG8UJSdawMRzmzAtV+KEoG8N3Qg2qLy5vM/A==}
    engines: {node: ^10 || ^12 || >=14}

  rollup@4.63.1:
    resolution: {integrity: sha512-3Df9jsstwhccuEfmAMi9l8XUh/GOkVObmFTU7CCVBysEbcOZLl84jCtaAZMcPiMz2EGKsATzQcU+Xr3n/wU6cg==}
    engines: {node: '>=18.0.0', npm: '>=8.0.0'}
    hasBin: true

  rw@1.3.3:
    resolution: {integrity: sha512-PdhdWy89SiZogBLaw42zdeqtRJ//zFd2PgQavcICDUgJT5oW10QCRKbJ6bg4r0/UY2M6BWd5tkxuGFRvCkgfHQ==}

  safer-buffer@2.1.2:
    resolution: {integrity: sha512-YZo3K82SD7Riyi0E1EQPojLz7kpepnSQI9IyPbHHg1XXXevb5dJI7tpyN2ADxGcQbHG7vcyRHk0cbwqcQriUtg==}

  simple-swizzle@0.2.4:
    resolution: {integrity: sha512-nAu1WFPQSMNr2Zn9PGSZK9AGn4t/y97lEm+MXTtUDwfP0ksAIX4nO+6ruD9Jwut4C49SB1Ws+fbXsm/yScWOHw==}

  source-map-js@1.2.1:
    resolution: {integrity: sha512-UXWMKhLOwVKb728IUtQPXxfYU+usdybtUrK/8uGE8CQMvrhOpwvzDBwj0QhSL7MQc7vIsISBG8VQ8+IDQxpfQA==}
    engines: {node: '>=0.10.0'}

  svg-path-parser@1.1.0:
    resolution: {integrity: sha512-jGCUqcQyXpfe38R7RFfhrMyfXcBmpMNJI/B+4CE9/Unkh98UporAc461GTthv+TVDuZXsBx7/WiwJb1Oh4tt4A==}

  text-segmentation@1.0.3:
    resolution: {integrity: sha512-iOiPUo/BGnZ6+54OsWxZidGCsdU8YbE4PSpdPinp7DeMtUJNJBoJ/ouUSTJjHkh1KntHaltHl/gDs2FC4i5+Nw==}

  tinyglobby@0.2.17:
    resolution: {integrity: sha512-wXR/dYpcqKmfWpEdZjiKJOwCNFndD0DMnrW/cYjVGttEkBfVgcLFHoNrlj47mjOVic9yyNu65alsgF4NQyTa2g==}
    engines: {node: '>=12.0.0'}

  tslib@2.8.1:
    resolution: {integrity: sha512-oJFu94HQb+KVduSUQL7wnpmqnfmLsOA/nAh6b6EH0wCEoK0/mPeXU6c3wKDV83MkOuHPRHtSXKKU99IBazS/2w==}

  typescript@5.9.3:
    resolution: {integrity: sha512-jl1vZzPDinLr9eUt3J/t7V6FgNEw9QjvBPdysz9KfQDD41fQrC2Y4vKQdiaUpFT4bXlb1RHhLpp8wtm6M5TgSw==}
    engines: {node: '>=14.17'}
    hasBin: true

  undici-types@7.18.2:
    resolution: {integrity: sha512-AsuCzffGHJybSaRrmr5eHr81mwJU3kjw6M+uprWvCXiNeN9SOGwQ3Jn8jb8m3Z6izVgknn1R0FTCEAP2QrLY/w==}

  utrie@1.0.2:
    resolution: {integrity: sha512-1MLa5ouZiOmQzUbjbu9VmjLzn1QLXBhwpUa7kdLUQK+KQ5KA9I1vk5U4YHe/X2Ch7PYnJfWuWT+VbuxbGwljhw==}

  vite@7.3.6:
    resolution: {integrity: sha512-4XP60spRGjSZFf1qYH+dJIkK2znL3zQfl9KkOV9MkkRR/3Dls0dxaBsQPTloEc5BLXWPL9vsOxopxyKoMmDueg==}
    engines: {node: ^20.19.0 || >=22.12.0}
    hasBin: true
    peerDependencies:
      '@types/node': ^20.19.0 || >=22.12.0
      jiti: '>=1.21.0'
      less: ^4.0.0
      lightningcss: ^1.21.0
      sass: ^1.70.0
      sass-embedded: ^1.70.0
      stylus: '>=0.54.8'
      sugarss: ^5.0.0
      terser: ^5.16.0
      tsx: ^4.8.1
      yaml: ^2.4.2
    peerDependenciesMeta:
      '@types/node':
        optional: true
      jiti:
        optional: true
      less:
        optional: true
      lightningcss:
        optional: true
      sass:
        optional: true
      sass-embedded:
        optional: true
      stylus:
        optional: true
      sugarss:
        optional: true
      terser:
        optional: true
      tsx:
        optional: true
      yaml:
        optional: true

snapshots:

  '@antv/algorithm@0.1.26':
    dependencies:
      '@antv/util': 2.0.17
      tslib: 2.8.1

  '@antv/component@2.1.11':
    dependencies:
      '@antv/g': 6.3.1
      '@antv/scale': 0.4.16
      '@antv/util': 3.3.11
      svg-path-parser: 1.1.0

  '@antv/event-emitter@0.1.3': {}

  '@antv/expr@1.0.2': {}

  '@antv/g-canvas@2.2.0':
    dependencies:
      '@antv/g-lite': 2.7.0
      '@antv/g-math': 3.1.0
      '@antv/util': 3.3.11
      '@babel/runtime': 7.29.7
      gl-matrix: 3.4.4
      tslib: 2.8.1

  '@antv/g-lite@2.7.0':
    dependencies:
      '@antv/g-math': 3.1.0
      '@antv/util': 3.3.11
      '@antv/vendor': 1.0.11
      '@babel/runtime': 7.29.7
      eventemitter3: 5.0.4
      gl-matrix: 3.4.4
      tslib: 2.8.1

  '@antv/g-math@3.1.0':
    dependencies:
      '@antv/util': 3.3.11
      '@babel/runtime': 7.29.7
      gl-matrix: 3.4.4
      tslib: 2.8.1

  '@antv/g-plugin-dragndrop@2.1.1':
    dependencies:
      '@antv/g-lite': 2.7.0
      '@antv/util': 3.3.11
      '@babel/runtime': 7.29.7
      tslib: 2.8.1

  '@antv/g6@5.1.1':
    dependencies:
      '@antv/algorithm': 0.1.26
      '@antv/component': 2.1.11
      '@antv/event-emitter': 0.1.3
      '@antv/g': 6.3.1
      '@antv/g-canvas': 2.2.0
      '@antv/g-plugin-dragndrop': 2.1.1
      '@antv/graphlib': 2.0.4
      '@antv/hierarchy': 0.7.1
      '@antv/layout': 2.0.0
      '@antv/util': 3.3.11
      bubblesets-js: 2.3.4

  '@antv/g@6.3.1':
    dependencies:
      '@antv/g-lite': 2.7.0
      '@antv/util': 3.3.11
      '@babel/runtime': 7.29.7
      gl-matrix: 3.4.4
      html2canvas: 1.4.1

  '@antv/graphlib@2.0.4':
    dependencies:
      '@antv/event-emitter': 0.1.3

  '@antv/hierarchy@0.7.1': {}

  '@antv/layout@2.0.0':
    dependencies:
      '@antv/event-emitter': 0.1.3
      '@antv/expr': 1.0.2
      '@antv/graphlib': 2.0.4
      '@antv/util': 3.3.11
      comlink: 4.4.2
      d3-force: 3.0.0
      d3-force-3d: 3.0.6
      d3-octree: 1.1.0
      d3-quadtree: 3.0.1
      dagre: 0.8.5
      ml-matrix: 6.15.0
      tslib: 2.8.1

  '@antv/scale@0.4.16':
    dependencies:
      '@antv/util': 3.3.11
      color-string: 1.9.1
      fecha: 4.2.3

  '@antv/util@2.0.17':
    dependencies:
      csstype: 3.2.3
      tslib: 2.8.1

  '@antv/util@3.3.11':
    dependencies:
      fast-deep-equal: 3.1.3
      gl-matrix: 3.4.4
      tslib: 2.8.1

  '@antv/vendor@1.0.11':
    dependencies:
      '@types/d3-array': 3.2.2
      '@types/d3-color': 3.1.3
      '@types/d3-dispatch': 3.0.7
      '@types/d3-dsv': 3.0.7
      '@types/d3-ease': 3.0.2
      '@types/d3-fetch': 3.0.7
      '@types/d3-force': 3.0.10
      '@types/d3-format': 3.0.4
      '@types/d3-geo': 3.1.1
      '@types/d3-hierarchy': 3.1.7
      '@types/d3-interpolate': 3.0.4
      '@types/d3-path': 3.1.1
      '@types/d3-quadtree': 3.0.6
      '@types/d3-random': 3.0.4
      '@types/d3-scale': 4.0.9
      '@types/d3-scale-chromatic': 3.1.0
      '@types/d3-shape': 3.2.0
      '@types/d3-time': 3.0.4
      '@types/d3-timer': 3.0.2
      d3-array: 3.2.4
      d3-color: 3.1.0
      d3-dispatch: 3.0.1
      d3-dsv: 3.0.1
      d3-ease: 3.0.1
      d3-fetch: 3.0.1
      d3-force: 3.0.0
      d3-force-3d: 3.0.6
      d3-format: 3.1.2
      d3-geo: 3.1.1
      d3-geo-projection: 4.0.0
      d3-hierarchy: 3.1.2
      d3-interpolate: 3.0.1
      d3-path: 3.1.0
      d3-quadtree: 3.0.1
      d3-random: 3.0.1
      d3-regression: 1.3.10
      d3-scale: 4.0.2
      d3-scale-chromatic: 3.1.0
      d3-shape: 3.2.0
      d3-time: 3.1.0
      d3-timer: 3.0.1

  '@babel/runtime@7.29.7': {}

  '@esbuild/aix-ppc64@0.28.2':
    optional: true

  '@esbuild/android-arm64@0.28.2':
    optional: true

  '@esbuild/android-arm@0.28.2':
    optional: true

  '@esbuild/android-x64@0.28.2':
    optional: true

  '@esbuild/darwin-arm64@0.28.2':
    optional: true

  '@esbuild/darwin-x64@0.28.2':
    optional: true

  '@esbuild/freebsd-arm64@0.28.2':
    optional: true

  '@esbuild/freebsd-x64@0.28.2':
    optional: true

  '@esbuild/linux-arm64@0.28.2':
    optional: true

  '@esbuild/linux-arm@0.28.2':
    optional: true

  '@esbuild/linux-ia32@0.28.2':
    optional: true

  '@esbuild/linux-loong64@0.28.2':
    optional: true

  '@esbuild/linux-mips64el@0.28.2':
    optional: true

  '@esbuild/linux-ppc64@0.28.2':
    optional: true

  '@esbuild/linux-riscv64@0.28.2':
    optional: true

  '@esbuild/linux-s390x@0.28.2':
    optional: true

  '@esbuild/linux-x64@0.28.2':
    optional: true

  '@esbuild/netbsd-arm64@0.28.2':
    optional: true

  '@esbuild/netbsd-x64@0.28.2':
    optional: true

  '@esbuild/openbsd-arm64@0.28.2':
    optional: true

  '@esbuild/openbsd-x64@0.28.2':
    optional: true

  '@esbuild/openharmony-arm64@0.28.2':
    optional: true

  '@esbuild/sunos-x64@0.28.2':
    optional: true

  '@esbuild/win32-arm64@0.28.2':
    optional: true

  '@esbuild/win32-ia32@0.28.2':
    optional: true

  '@esbuild/win32-x64@0.28.2':
    optional: true

  '@napi-rs/lzma-linux-x64-gnu@1.5.1':
    optional: true

  '@rollup/rollup-android-arm-eabi@4.63.1':
    optional: true

  '@rollup/rollup-android-arm64@4.63.1':
    optional: true

  '@rollup/rollup-darwin-arm64@4.63.1':
    optional: true

  '@rollup/rollup-darwin-x64@4.63.1':
    optional: true

  '@rollup/rollup-freebsd-arm64@4.63.1':
    optional: true

  '@rollup/rollup-freebsd-x64@4.63.1':
    optional: true

  '@rollup/rollup-linux-arm-gnueabihf@4.63.1':
    optional: true

  '@rollup/rollup-linux-arm-musleabihf@4.63.1':
    optional: true

  '@rollup/rollup-linux-arm64-gnu@4.63.1':
    optional: true

  '@rollup/rollup-linux-arm64-musl@4.63.1':
    optional: true

  '@rollup/rollup-linux-loong64-gnu@4.63.1':
    optional: true

  '@rollup/rollup-linux-loong64-musl@4.63.1':
    optional: true

  '@rollup/rollup-linux-ppc64-gnu@4.63.1':
    optional: true

  '@rollup/rollup-linux-ppc64-musl@4.63.1':
    optional: true

  '@rollup/rollup-linux-riscv64-gnu@4.63.1':
    optional: true

  '@rollup/rollup-linux-riscv64-musl@4.63.1':
    optional: true

  '@rollup/rollup-linux-s390x-gnu@4.63.1':
    optional: true

  '@rollup/rollup-linux-x64-gnu@4.63.1':
    optional: true

  '@rollup/rollup-linux-x64-musl@4.63.1':
    optional: true

  '@rollup/rollup-openbsd-x64@4.63.1':
    optional: true

  '@rollup/rollup-openharmony-arm64@4.63.1':
    optional: true

  '@rollup/rollup-win32-arm64-msvc@4.63.1':
    optional: true

  '@rollup/rollup-win32-ia32-msvc@4.63.1':
    optional: true

  '@rollup/rollup-win32-x64-gnu@4.63.1':
    optional: true

  '@rollup/rollup-win32-x64-msvc@4.63.1':
    optional: true

  '@types/d3-array@3.2.2': {}

  '@types/d3-color@3.1.3': {}

  '@types/d3-dispatch@3.0.7': {}

  '@types/d3-dsv@3.0.7': {}

  '@types/d3-ease@3.0.2': {}

  '@types/d3-fetch@3.0.7':
    dependencies:
      '@types/d3-dsv': 3.0.7

  '@types/d3-force@3.0.10': {}

  '@types/d3-format@3.0.4': {}

  '@types/d3-geo@3.1.1':
    dependencies:
      '@types/geojson': 7946.0.16

  '@types/d3-hierarchy@3.1.7': {}

  '@types/d3-interpolate@3.0.4':
    dependencies:
      '@types/d3-color': 3.1.3

  '@types/d3-path@3.1.1': {}

  '@types/d3-quadtree@3.0.6': {}

  '@types/d3-random@3.0.4': {}

  '@types/d3-scale-chromatic@3.1.0': {}

  '@types/d3-scale@4.0.9':
    dependencies:
      '@types/d3-time': 3.0.4

  '@types/d3-shape@3.2.0':
    dependencies:
      '@types/d3-path': 3.1.1

  '@types/d3-time@3.0.4': {}

  '@types/d3-timer@3.0.2': {}

  '@types/estree@1.0.9': {}

  '@types/geojson@7946.0.16': {}

  '@types/node@24.13.3':
    dependencies:
      undici-types: 7.18.2

  base64-arraybuffer@1.0.2: {}

  bubblesets-js@2.3.4: {}

  color-name@1.1.4: {}

  color-string@1.9.1:
    dependencies:
      color-name: 1.1.4
      simple-swizzle: 0.2.4

  comlink@4.4.2: {}

  commander@7.2.0: {}

  css-line-break@2.1.0:
    dependencies:
      utrie: 1.0.2

  csstype@3.2.3: {}

  d3-array@3.2.4:
    dependencies:
      internmap: 2.0.3

  d3-binarytree@1.0.2: {}

  d3-color@3.1.0: {}

  d3-dispatch@3.0.1: {}

  d3-dsv@3.0.1:
    dependencies:
      commander: 7.2.0
      iconv-lite: 0.6.3
      rw: 1.3.3

  d3-ease@3.0.1: {}

  d3-fetch@3.0.1:
    dependencies:
      d3-dsv: 3.0.1

  d3-force-3d@3.0.6:
    dependencies:
      d3-binarytree: 1.0.2
      d3-dispatch: 3.0.1
      d3-octree: 1.1.0
      d3-quadtree: 3.0.1
      d3-timer: 3.0.1

  d3-force@3.0.0:
    dependencies:
      d3-dispatch: 3.0.1
      d3-quadtree: 3.0.1
      d3-timer: 3.0.1

  d3-format@3.1.2: {}

  d3-geo-projection@4.0.0:
    dependencies:
      commander: 7.2.0
      d3-array: 3.2.4
      d3-geo: 3.1.1

  d3-geo@3.1.1:
    dependencies:
      d3-array: 3.2.4

  d3-hierarchy@3.1.2: {}

  d3-interpolate@3.0.1:
    dependencies:
      d3-color: 3.1.0

  d3-octree@1.1.0: {}

  d3-path@3.1.0: {}

  d3-quadtree@3.0.1: {}

  d3-random@3.0.1: {}

  d3-regression@1.3.10: {}

  d3-scale-chromatic@3.1.0:
    dependencies:
      d3-color: 3.1.0
      d3-interpolate: 3.0.1

  d3-scale@4.0.2:
    dependencies:
      d3-array: 3.2.4
      d3-format: 3.1.2
      d3-interpolate: 3.0.1
      d3-time: 3.1.0
      d3-time-format: 4.1.0

  d3-shape@3.2.0:
    dependencies:
      d3-path: 3.1.0

  d3-time-format@4.1.0:
    dependencies:
      d3-time: 3.1.0

  d3-time@3.1.0:
    dependencies:
      d3-array: 3.2.4

  d3-timer@3.0.1: {}

  dagre@0.8.5:
    dependencies:
      graphlib: 2.1.8
      lodash: 4.18.1

  esbuild@0.28.2:
    optionalDependencies:
      '@esbuild/aix-ppc64': 0.28.2
      '@esbuild/android-arm': 0.28.2
      '@esbuild/android-arm64': 0.28.2
      '@esbuild/android-x64': 0.28.2
      '@esbuild/darwin-arm64': 0.28.2
      '@esbuild/darwin-x64': 0.28.2
      '@esbuild/freebsd-arm64': 0.28.2
      '@esbuild/freebsd-x64': 0.28.2
      '@esbuild/linux-arm': 0.28.2
      '@esbuild/linux-arm64': 0.28.2
      '@esbuild/linux-ia32': 0.28.2
      '@esbuild/linux-loong64': 0.28.2
      '@esbuild/linux-mips64el': 0.28.2
      '@esbuild/linux-ppc64': 0.28.2
      '@esbuild/linux-riscv64': 0.28.2
      '@esbuild/linux-s390x': 0.28.2
      '@esbuild/linux-x64': 0.28.2
      '@esbuild/netbsd-arm64': 0.28.2
      '@esbuild/netbsd-x64': 0.28.2
      '@esbuild/openbsd-arm64': 0.28.2
      '@esbuild/openbsd-x64': 0.28.2
      '@esbuild/openharmony-arm64': 0.28.2
      '@esbuild/sunos-x64': 0.28.2
      '@esbuild/win32-arm64': 0.28.2
      '@esbuild/win32-ia32': 0.28.2
      '@esbuild/win32-x64': 0.28.2

  eventemitter3@5.0.4: {}

  fast-deep-equal@3.1.3: {}

  fdir@6.5.0(picomatch@4.0.7):
    optionalDependencies:
      picomatch: 4.0.7

  fecha@4.2.3: {}

  fsevents@2.3.3:
    optional: true

  gl-matrix@3.4.4: {}

  graphlib@2.1.8:
    dependencies:
      lodash: 4.18.1

  html2canvas@1.4.1:
    dependencies:
      css-line-break: 2.1.0
      text-segmentation: 1.0.3

  iconv-lite@0.6.3:
    dependencies:
      safer-buffer: 2.1.2

  internmap@2.0.3: {}

  is-any-array@3.0.0: {}

  is-arrayish@0.3.4: {}

  lodash@4.18.1: {}

  ml-array-max@2.0.0:
    dependencies:
      is-any-array: 3.0.0

  ml-array-min@2.0.0:
    dependencies:
      is-any-array: 3.0.0

  ml-array-rescale@2.0.0:
    dependencies:
      is-any-array: 3.0.0
      ml-array-max: 2.0.0
      ml-array-min: 2.0.0

  ml-matrix@6.15.0:
    dependencies:
      is-any-array: 3.0.0
      ml-array-rescale: 2.0.0

  nanoid@3.3.18: {}

  picocolors@1.1.1: {}

  picomatch@4.0.7: {}

  postcss@8.5.28:
    dependencies:
      nanoid: 3.3.18
      picocolors: 1.1.1
      source-map-js: 1.2.1

  rollup@4.63.1:
    dependencies:
      '@types/estree': 1.0.9
    optionalDependencies:
      '@napi-rs/lzma-linux-x64-gnu': 1.5.1
      '@rollup/rollup-android-arm-eabi': 4.63.1
      '@rollup/rollup-android-arm64': 4.63.1
      '@rollup/rollup-darwin-arm64': 4.63.1
      '@rollup/rollup-darwin-x64': 4.63.1
      '@rollup/rollup-freebsd-arm64': 4.63.1
      '@rollup/rollup-freebsd-x64': 4.63.1
      '@rollup/rollup-linux-arm-gnueabihf': 4.63.1
      '@rollup/rollup-linux-arm-musleabihf': 4.63.1
      '@rollup/rollup-linux-arm64-gnu': 4.63.1
      '@rollup/rollup-linux-arm64-musl': 4.63.1
      '@rollup/rollup-linux-loong64-gnu': 4.63.1
      '@rollup/rollup-linux-loong64-musl': 4.63.1
      '@rollup/rollup-linux-ppc64-gnu': 4.63.1
      '@rollup/rollup-linux-ppc64-musl': 4.63.1
      '@rollup/rollup-linux-riscv64-gnu': 4.63.1
      '@rollup/rollup-linux-riscv64-musl': 4.63.1
      '@rollup/rollup-linux-s390x-gnu': 4.63.1
      '@rollup/rollup-linux-x64-gnu': 4.63.1
      '@rollup/rollup-linux-x64-musl': 4.63.1
      '@rollup/rollup-openbsd-x64': 4.63.1
      '@rollup/rollup-openharmony-arm64': 4.63.1
      '@rollup/rollup-win32-arm64-msvc': 4.63.1
      '@rollup/rollup-win32-ia32-msvc': 4.63.1
      '@rollup/rollup-win32-x64-gnu': 4.63.1
      '@rollup/rollup-win32-x64-msvc': 4.63.1
      fsevents: 2.3.3

  rw@1.3.3: {}

  safer-buffer@2.1.2: {}

  simple-swizzle@0.2.4:
    dependencies:
      is-arrayish: 0.3.4

  source-map-js@1.2.1: {}

  svg-path-parser@1.1.0: {}

  text-segmentation@1.0.3:
    dependencies:
      utrie: 1.0.2

  tinyglobby@0.2.17:
    dependencies:
      fdir: 6.5.0(picomatch@4.0.7)
      picomatch: 4.0.7

  tslib@2.8.1: {}

  typescript@5.9.3: {}

  undici-types@7.18.2: {}

  utrie@1.0.2:
    dependencies:
      base64-arraybuffer: 1.0.2

  vite@7.3.6(@types/node@24.13.3):
    dependencies:
      esbuild: 0.28.2
      fdir: 6.5.0(picomatch@4.0.7)
      picomatch: 4.0.7
      postcss: 8.5.28
      rollup: 4.63.1
      tinyglobby: 0.2.17
    optionalDependencies:
      '@types/node': 24.13.3
      fsevents: 2.3.3
